
Microsoft Visual Studio Solution File, Format Version 12.00
# Visual Studio 2013
VisualStudioVersion = 12.0.21005.1
MinimumVisualStudioVersion = 10.0.40219.1
Project("{8BC9CEB8-8B4A-11D0-8D11-00A0C91BC942}") = "Work02", "Work02\Work02.vcxproj", "{C3F7D5A4-A51E-4173-9FB5-2F266721CF3E}"
EndProject
Global
	GlobalSection(SolutionConfigurationPlatforms) = preSolution
		Debug|Win32 = Debug|Win32
		Release|Win32 = Release|Win32
	EndGlobalSection
	GlobalSection(ProjectConfigurationPlatforms) = postSolution
		{C3F7D5A4-A51E-4173-9FB5-2F266721CF3E}.Debug|Win32.ActiveCfg = Debug|Win32
		{C3F7D5A4-A51E-4173-9FB5-2F266721CF3E}.Debug|Win32.Build.0 = Debug|Win32
		{C3F7D5A4-A51E-4173-9FB5-2F266721CF3E}.Release|Win32.ActiveCfg = Release|Win32
		{C3F7D5A4-A51E-4173-9FB5-2F266721CF3E}.Release|Win32.Build.0 = Release|Win32
	EndGlobalSection
	GlobalSection(SolutionProperties) = preSolution
		HideSolutionNode = FALSE
	EndGlobalSection
EndGlobal
